Microsoft Visual Studio Solution File, Format Version 7.00
Project("{8BC9CEB8-8B4A-11D0-8D11-00A0C91BC942}") = "vwBetterPager", "vwBetterPager.vcproj", "{F72F30D4-41F8-4190-9546-CF1EDD520863}"
EndProject
Global
	GlobalSection(SolutionConfiguration) = preSolution
		ConfigName.0 = Debug
		ConfigName.1 = Release
	EndGlobalSection
	GlobalSection(ProjectDependencies) = postSolution
	EndGlobalSection
	GlobalSection(ProjectConfiguration) = postSolution
		{F72F30D4-41F8-4190-9546-CF1EDD520863}.Debug.ActiveCfg = Debug|Win32
		{F72F30D4-41F8-4190-9546-CF1EDD520863}.Debug.Build.0 = Debug|Win32
		{F72F30D4-41F8-4190-9546-CF1EDD520863}.Release.ActiveCfg = Release|Win32
		{F72F30D4-41F8-4190-9546-CF1EDD520863}.Release.Build.0 = Release|Win32
	EndGlobalSection
	GlobalSection(ExtensibilityGlobals) = postSolution
	EndGlobalSection
	GlobalSection(ExtensibilityAddIns) = postSolution
	EndGlobalSection
EndGlobal
